
Microsoft Visual Studio Solution File, Format Version 12.00
# Visual Studio Version 17
VisualStudioVersion = 17.14.36518.9
MinimumVisualStudioVersion = 10.0.40219.1
Project("{FAE04EC0-301F-11D3-BF4B-00C04F79EFBC}") = "MetaMAP", "MetaMAP.csproj", "{AA02A164-ECD1-C279-A085-A78427D4314B}"
EndProject
Project("{FAE04EC0-301F-11D3-BF4B-00C04F79EFBC}") = "MetaMAP.Tests", "MetaMAP.Tests\MetaMAP.Tests.csproj", "{53933303-B233-41C2-8FB4-A0B0D13F9363}"
EndProject
Global
	GlobalSection(SolutionConfigurationPlatforms) = preSolution
		Debug|Any CPU = Debug|Any CPU
		Debug|x64 = Debug|x64
		Debug|x86 = Debug|x86
		Release|Any CPU = Release|Any CPU
		Release|x64 = Release|x64
		Release|x86 = Release|x86
	EndGlobalSection
	GlobalSection(ProjectConfigurationPlatforms) = postSolution
		{AA02A164-ECD1-C279-A085-A78427D4314B}.Debug|Any CPU.ActiveCfg = Debug|Any CPU
		{AA02A164-ECD1-C279-A085-A78427D4314B}.Debug|Any CPU.Build.0 = Debug|Any CPU
		{AA02A164-ECD1-C279-A085-A78427D4314B}.Debug|x64.ActiveCfg = Debug|Any CPU
		{AA02A164-ECD1-C279-A085-A78427D4314B}.Debug|x64.Build.0 = Debug|Any CPU
		{AA02A164-ECD1-C279-A085-A78427D4314B}.Debug|x86.ActiveCfg = Debug|Any CPU
		{AA02A164-ECD1-C279-A085-A78427D4314B}.Debug|x86.Build.0 = Debug|Any CPU
		{AA02A164-ECD1-C279-A085-A78427D4314B}.Release|Any CPU.ActiveCfg = Release|Any CPU
		{AA02A164-ECD1-C279-A085-A78427D4314B}.Release|Any CPU.Build.0 = Release|Any CPU
		{AA02A164-ECD1-C279-A085-A78427D4314B}.Release|x64.ActiveCfg = Release|Any CPU
		{AA02A164-ECD1-C279-A085-A78427D4314B}.Release|x64.Build.0 = Release|Any CPU
		{AA02A164-ECD1-C279-A085-A78427D4314B}.Release|x86.ActiveCfg = Release|Any CPU
		{AA02A164-ECD1-C279-A085-A78427D4314B}.Release|x86.Build.0 = Release|Any CPU
		{53933303-B233-41C2-8FB4-A0B0D13F9363}.Debug|Any CPU.ActiveCfg = Debug|Any CPU
		{53933303-B233-41C2-8FB4-A0B0D13F9363}.Debug|Any CPU.Build.0 = Debug|Any CPU
		{53933303-B233-41C2-8FB4-A0B0D13F9363}.Debug|x64.ActiveCfg = Debug|Any CPU
		{53933303-B233-41C2-8FB4-A0B0D13F9363}.Debug|x64.Build.0 = Debug|Any CPU
		{53933303-B233-41C2-8FB4-A0B0D13F9363}.Debug|x86.ActiveCfg = Debug|Any CPU
		{53933303-B233-41C2-8FB4-A0B0D13F9363}.Debug|x86.Build.0 = Debug|Any CPU
		{53933303-B233-41C2-8FB4-A0B0D13F9363}.Release|Any CPU.ActiveCfg = Release|Any CPU
		{53933303-B233-41C2-8FB4-A0B0D13F9363}.Release|Any CPU.Build.0 = Release|Any CPU
		{53933303-B233-41C2-8FB4-A0B0D13F9363}.Release|x64.ActiveCfg = Release|Any CPU
		{53933303-B233-41C2-8FB4-A0B0D13F9363}.Release|x64.Build.0 = Release|Any CPU
		{53933303-B233-41C2-8FB4-A0B0D13F9363}.Release|x86.ActiveCfg = Release|Any CPU
		{53933303-B233-41C2-8FB4-A0B0D13F9363}.Release|x86.Build.0 = Release|Any CPU
	EndGlobalSection
	GlobalSection(SolutionProperties) = preSolution
		HideSolutionNode = FALSE
	EndGlobalSection
	GlobalSection(ExtensibilityGlobals) = postSolution
		SolutionGuid = {ECE2AE3E-9D06-4B95-8ABE-7EB54EDB3A96}
	EndGlobalSection
EndGlobal
